
Microsoft Visual Studio Solution File, Format Version 12.00
# Visual Studio 15
Project("{FAE04EC0-301F-11D3-BF4B-00C04F79EFBC}") = "BeaconBattles", "BeaconBattles.csproj", "{A13AA28E-A535-3FC8-0DDC-386DD1D30024}"
EndProject
Global
	GlobalSection(SolutionConfigurationPlatforms) = preSolution
		Debug|Any CPU = Debug|Any CPU
		Release|Any CPU = Release|Any CPU
	EndGlobalSection
	GlobalSection(ProjectConfigurationPlatforms) = postSolution
		{A13AA28E-A535-3FC8-0DDC-386DD1D30024}.Debug|Any CPU.ActiveCfg = Debug|Any CPU
		{A13AA28E-A535-3FC8-0DDC-386DD1D30024}.Debug|Any CPU.Build.0 = Debug|Any CPU
		{A13AA28E-A535-3FC8-0DDC-386DD1D30024}.Release|Any CPU.ActiveCfg = Release|Any CPU
		{A13AA28E-A535-3FC8-0DDC-386DD1D30024}.Release|Any CPU.Build.0 = Release|Any CPU
	EndGlobalSection
	GlobalSection(SolutionProperties) = preSolution
		HideSolutionNode = FALSE
	EndGlobalSection
EndGlobal
